Microsoft Visual Studio Solution File, Format Version 7.00
Project("{8BC9CEB8-8B4A-11D0-8D11-00A0C91BC942}") = "ping", "ping.vcproj", "{36E670C1-CA1F-4C85-9A96-DC068BC68384}"
EndProject
Global
	GlobalSection(SolutionConfiguration) = preSolution
		ConfigName.0 = Debug
		ConfigName.1 = Release
	EndGlobalSection
	GlobalSection(ProjectDependencies) = postSolution
	EndGlobalSection
	GlobalSection(ProjectConfiguration) = postSolution
		{36E670C1-CA1F-4C85-9A96-DC068BC68384}.Debug.ActiveCfg = Debug|Win32
		{36E670C1-CA1F-4C85-9A96-DC068BC68384}.Debug.Build.0 = Debug|Win32
		{36E670C1-CA1F-4C85-9A96-DC068BC68384}.Release.ActiveCfg = Release|Win32
		{36E670C1-CA1F-4C85-9A96-DC068BC68384}.Release.Build.0 = Release|Win32
	EndGlobalSection
	GlobalSection(ExtensibilityGlobals) = postSolution
	EndGlobalSection
	GlobalSection(ExtensibilityAddIns) = postSolution
	EndGlobalSection
EndGlobal
